// !$*UTF8*$!
{
	archiveVersion = 1;
	classes = {
	};
	objectVersion = 46;
	objects = {

/* Begin PBXBuildFile section */
		84A87EA21E8AEC3D006E755E /* SWRevealViewController.m in Sources */ = {isa = PBXBuildFile; fileRef = 84A87EA11E8AEC3D006E755E /* SWRevealViewController.m */; };
		84A87EA51E8AFA66006E755E /* SidebarTableViewController.swift in Sources */ = {isa = PBXBuildFile; fileRef = 84A87EA41E8AFA66006E755E /* SidebarTableViewController.swift */; };
		84A87EAF1E8B2572006E755E /* PostRecipeViewController.swift in Sources */ = {isa = PBXBuildFile; fileRef = 84A87EAC1E8B2572006E755E /* PostRecipeViewController.swift */; };
		84A87EB01E8B2572006E755E /* HistoryViewController.swift in Sources */ = {isa = PBXBuildFile; fileRef = 84A87EAD1E8B2572006E755E /* HistoryViewController.swift */; };
		84A87EB11E8B2572006E755E /* FavoriteViewController.swift in Sources */ = {isa = PBXBuildFile; fileRef = 84A87EAE1E8B2572006E755E /* FavoriteViewController.swift */; };
		84A87EB31E8B2590006E755E /* SettingViewController.swift in Sources */ = {isa = PBXBuildFile; fileRef = 84A87EB21E8B258F006E755E /* SettingViewController.swift */; };
		84A87EB51E8B2D70006E755E /* SearchStoreViewController.swift in Sources */ = {isa = PBXBuildFile; fileRef = 84A87EB41E8B2D70006E755E /* SearchStoreViewController.swift */; };
		84A87EB71E8B2D8F006E755E /* ShoppingListViewController.swift in Sources */ = {isa = PBXBuildFile; fileRef = 84A87EB61E8B2D8F006E755E /* ShoppingListViewController.swift */; };
		84B6A75B1E8A125400169B5D /* AppDelegate.swift in Sources */ = {isa = PBXBuildFile; fileRef = 84B6A75A1E8A125400169B5D /* AppDelegate.swift */; };
		84B6A75D1E8A125400169B5D /* ViewController.swift in Sources */ = {isa = PBXBuildFile; fileRef = 84B6A75C1E8A125400169B5D /* ViewController.swift */; };
		84B6A7601E8A125400169B5D /* Main.storyboard in Resources */ = {isa = PBXBuildFile; fileRef = 84B6A75E1E8A125400169B5D /* Main.storyboard */; };
		84B6A7631E8A125400169B5D /* Recipe_app.xcdatamodeld in Sources */ = {isa = PBXBuildFile; fileRef = 84B6A7611E8A125400169B5D /* Recipe_app.xcdatamodeld */; };
		84B6A7651E8A125400169B5D /* Assets.xcassets in Resources */ = {isa = PBXBuildFile; fileRef = 84B6A7641E8A125400169B5D /* Assets.xcassets */; };
		84B6A7681E8A125400169B5D /* LaunchScreen.storyboard in Resources */ = {isa = PBXBuildFile; fileRef = 84B6A7661E8A125400169B5D /* LaunchScreen.storyboard */; };
/* End PBXBuildFile section */

/* Begin PBXFileReference section */
		84A87E9F1E8AEC3C006E755E /* Recipe app-Bridging-Header.h */ = {isa = PBXFileReference; lastKnownFileType = sourcecode.c.h; path = "Recipe app-Bridging-Header.h"; sourceTree = "<group>"; };
		84A87EA01E8AEC3D006E755E /* SWRevealViewController.h */ = {isa = PBXFileReference; fileEncoding = 4; lastKnownFileType = sourcecode.c.h; path = SWRevealViewController.h; sourceTree = "<group>"; };
		84A87EA11E8AEC3D006E755E /* SWRevealViewController.m */ = {isa = PBXFileReference; fileEncoding = 4; lastKnownFileType = sourcecode.c.objc; path = SWRevealViewController.m; sourceTree = "<group>"; };
		84A87EA41E8AFA66006E755E /* SidebarTableViewController.swift */ = {isa = PBXFileReference; fileEncoding = 4; lastKnownFileType = sourcecode.swift; path = SidebarTableViewController.swift; sourceTree = "<group>"; };
		84A87EAC1E8B2572006E755E /* PostRecipeViewController.swift */ = {isa = PBXFileReference; fileEncoding = 4; lastKnownFileType = sourcecode.swift; path = PostRecipeViewController.swift; sourceTree = "<group>"; };
		84A87EAD1E8B2572006E755E /* HistoryViewController.swift */ = {isa = PBXFileReference; fileEncoding = 4; lastKnownFileType = sourcecode.swift; path = HistoryViewController.swift; sourceTree = "<group>"; };
		84A87EAE1E8B2572006E755E /* FavoriteViewController.swift */ = {isa = PBXFileReference; fileEncoding = 4; lastKnownFileType = sourcecode.swift; path = FavoriteViewController.swift; sourceTree = "<group>"; };
		84A87EB21E8B258F006E755E /* SettingViewController.swift */ = {isa = PBXFileReference; fileEncoding = 4; lastKnownFileType = sourcecode.swift; path = SettingViewController.swift; sourceTree = "<group>"; };
		84A87EB41E8B2D70006E755E /* SearchStoreViewController.swift */ = {isa = PBXFileReference; fileEncoding = 4; lastKnownFileType = sourcecode.swift; path = SearchStoreViewController.swift; sourceTree = "<group>"; };
		84A87EB61E8B2D8F006E755E /* ShoppingListViewController.swift */ = {isa = PBXFileReference; fileEncoding = 4; lastKnownFileType = sourcecode.swift; path = ShoppingListViewController.swift; sourceTree = "<group>"; };
		84B6A7571E8A125400169B5D /* Recipe app.app */ = {isa = PBXFileReference; explicitFileType = wrapper.application; includeInIndex = 0; path = "Recipe app.app"; sourceTree = BUILT_PRODUCTS_DIR; };
		84B6A75A1E8A125400169B5D /* AppDelegate.swift */ = {isa = PBXFileReference; lastKnownFileType = sourcecode.swift; path = AppDelegate.swift; sourceTree = "<group>"; };
		84B6A75C1E8A125400169B5D /* ViewController.swift */ = {isa = PBXFileReference; lastKnownFileType = sourcecode.swift; path = ViewController.swift; sourceTree = "<group>"; };
		84B6A75F1E8A125400169B5D /* Base */ = {isa = PBXFileReference; lastKnownFileType = file.storyboard; name = Base; path = Base.lproj/Main.storyboard; sourceTree = "<group>"; };
		84B6A7621E8A125400169B5D /* Recipe_app.xcdatamodel */ = {isa = PBXFileReference; lastKnownFileType = wrapper.xcdatamodel; path = Recipe_app.xcdatamodel; sourceTree = "<group>"; };
		84B6A7641E8A125400169B5D /* Assets.xcassets */ = {isa = PBXFileReference; lastKnownFileType = folder.assetcatalog; path = Assets.xcassets; sourceTree = "<group>"; };
		84B6A7671E8A125400169B5D /* Base */ = {isa = PBXFileReference; lastKnownFileType = file.storyboard; name = Base; path = Base.lproj/LaunchScreen.storyboard; sourceTree = "<group>"; };
		84B6A7691E8A125400169B5D /* Info.plist */ = {isa = PBXFileReference; lastKnownFileType = text.plist.xml; path = Info.plist; sourceTree = "<group>"; };
/* End PBXFileReference section */

/* Begin PBXFrameworksBuildPhase section */
		84B6A7541E8A125400169B5D /* Frameworks */ = {
			isa = PBXFrameworksBuildPhase;
			buildActionMask = 2147483647;
			files = (
			);
			runOnlyForDeploymentPostprocessing = 0;
		};
/* End PBXFrameworksBuildPhase section */

/* Begin PBXGroup section */
		84A87EA31E8AEC45006E755E /* Supporting Files */ = {
			isa = PBXGroup;
			children = (
				84B6A75A1E8A125400169B5D /* AppDelegate.swift */,
				84A87EA01E8AEC3D006E755E /* SWRevealViewController.h */,
				84A87EA11E8AEC3D006E755E /* SWRevealViewController.m */,
				84A87E9F1E8AEC3C006E755E /* Recipe app-Bridging-Header.h */,
				84B6A7641E8A125400169B5D /* Assets.xcassets */,
				84B6A7661E8A125400169B5D /* LaunchScreen.storyboard */,
				84B6A7691E8A125400169B5D /* Info.plist */,
				84B6A7611E8A125400169B5D /* Recipe_app.xcdatamodeld */,
			);
			name = "Supporting Files";
			sourceTree = "<group>";
		};
		84B6A74E1E8A125400169B5D = {
			isa = PBXGroup;
			children = (
				84B6A7591E8A125400169B5D /* Recipe app */,
				84B6A7581E8A125400169B5D /* Products */,
			);
			sourceTree = "<group>";
		};
		84B6A7581E8A125400169B5D /* Products */ = {
			isa = PBXGroup;
			children = (
				84B6A7571E8A125400169B5D /* Recipe app.app */,
			);
			name = Products;
			sourceTree = "<group>";
		};
		84B6A7591E8A125400169B5D /* Recipe app */ = {
			isa = PBXGroup;
			children = (
				84B6A75E1E8A125400169B5D /* Main.storyboard */,
				84A87EA41E8AFA66006E755E /* SidebarTableViewController.swift */,
				84B6A75C1E8A125400169B5D /* ViewController.swift */,
				84A87EB21E8B258F006E755E /* SettingViewController.swift */,
				84A87EAC1E8B2572006E755E /* PostRecipeViewController.swift */,
				84A87EAE1E8B2572006E755E /* FavoriteViewController.swift */,
				84A87EAD1E8B2572006E755E /* HistoryViewController.swift */,
				84A87EB61E8B2D8F006E755E /* ShoppingListViewController.swift */,
				84A87EB41E8B2D70006E755E /* SearchStoreViewController.swift */,
				84A87EA31E8AEC45006E755E /* Supporting Files */,
			);
			path = "Recipe app";
			sourceTree = "<group>";
		};
/* End PBXGroup section */

/* Begin PBXNativeTarget section */
		84B6A7561E8A125400169B5D /* Recipe app */ = {
			isa = PBXNativeTarget;
			buildConfigurationList = 84B6A76C1E8A125400169B5D /* Build configuration list for PBXNativeTarget "Recipe app" */;
			buildPhases = (
				84B6A7531E8A125400169B5D /* Sources */,
				84B6A7541E8A125400169B5D /* Frameworks */,
				84B6A7551E8A125400169B5D /* Resources */,
			);
			buildRules = (
			);
			dependencies = (
			);
			name = "Recipe app";
			productName = "Recipe app";
			productReference = 84B6A7571E8A125400169B5D /* Recipe app.app */;
			productType = "com.apple.product-type.application";
		};
/* End PBXNativeTarget section */

/* Begin PBXProject section */
		84B6A74F1E8A125400169B5D /* Project object */ = {
			isa = PBXProject;
			attributes = {
				LastSwiftUpdateCheck = 0820;
				LastUpgradeCheck = 0820;
				ORGANIZATIONNAME = "Maki & Mai";
				TargetAttributes = {
					84B6A7561E8A125400169B5D = {
						CreatedOnToolsVersion = 8.2.1;
						LastSwiftMigration = 0820;
						ProvisioningStyle = Automatic;
					};
				};
			};
			buildConfigurationList = 84B6A7521E8A125400169B5D /* Build configuration list for PBXProject "Recipe app" */;
			compatibilityVersion = "Xcode 3.2";
			developmentRegion = English;
			hasScannedForEncodings = 0;
			knownRegions = (
				en,
				Base,
			);
			mainGroup = 84B6A74E1E8A125400169B5D;
			productRefGroup = 84B6A7581E8A125400169B5D /* Products */;
			projectDirPath = "";
			projectRoot = "";
			targets = (
				84B6A7561E8A125400169B5D /* Recipe app */,
			);
		};
/* End PBXProject section */

/* Begin PBXResourcesBuildPhase section */
		84B6A7551E8A125400169B5D /* Resources */ = {
			isa = PBXResourcesBuildPhase;
			buildActionMask = 2147483647;
			files = (
				84B6A7681E8A125400169B5D /* LaunchScreen.storyboard in Resources */,
				84B6A7651E8A125400169B5D /* Assets.xcassets in Resources */,
				84B6A7601E8A125400169B5D /* Main.storyboard in Resources */,
			);
			runOnlyForDeploymentPostprocessing = 0;
		};
/* End PBXResourcesBuildPhase section */

/* Begin PBXSourcesBuildPhase section */
		84B6A7531E8A125400169B5D /* Sources */ = {
			isa = PBXSourcesBuildPhase;
			buildActionMask = 2147483647;
			files = (
				84A87EB71E8B2D8F006E755E /* ShoppingListViewController.swift in Sources */,
				84B6A75D1E8A125400169B5D /* ViewController.swift in Sources */,
				84B6A75B1E8A125400169B5D /* AppDelegate.swift in Sources */,
				84B6A7631E8A125400169B5D /* Recipe_app.xcdatamodeld in Sources */,
				84A87EA21E8AEC3D006E755E /* SWRevealViewController.m in Sources */,
				84A87EAF1E8B2572006E755E /* PostRecipeViewController.swift in Sources */,
				84A87EB31E8B2590006E755E /* SettingViewController.swift in Sources */,
				84A87EB51E8B2D70006E755E /* SearchStoreViewController.swift in Sources */,
				84A87EB01E8B2572006E755E /* HistoryViewController.swift in Sources */,
				84A87EB11E8B2572006E755E /* FavoriteViewController.swift in Sources */,
				84A87EA51E8AFA66006E755E /* SidebarTableViewController.swift in Sources */,
			);
			runOnlyForDeploymentPostprocessing = 0;
		};
/* End PBXSourcesBuildPhase section */

/* Begin PBXVariantGroup section */
		84B6A75E1E8A125400169B5D /* Main.storyboard */ = {
			isa = PBXVariantGroup;
			children = (
				84B6A75F1E8A125400169B5D /* Base */,
			);
			name = Main.storyboard;
			sourceTree = "<group>";
		};
		84B6A7661E8A125400169B5D /* LaunchScreen.storyboard */ = {
			isa = PBXVariantGroup;
			children = (
				84B6A7671E8A125400169B5D /* Base */,
			);
			name = LaunchScreen.storyboard;
			sourceTree = "<group>";
		};
/* End PBXVariantGroup section */

/* Begin XCBuildConfiguration section */
		84B6A76A1E8A125400169B5D /* Debug */ = {
			isa = XCBuildConfiguration;
			buildSettings = {
				ALWAYS_SEARCH_USER_PATHS = NO;
				CLANG_ANALYZER_NONNULL = YES;
				CLANG_CXX_LANGUAGE_STANDARD = "gnu++0x";
				CLANG_CXX_LIBRARY = "libc++";
				CLANG_ENABLE_MODULES = YES;
				CLANG_ENABLE_OBJC_ARC = YES;
				CLANG_WARN_BOOL_CONVERSION = YES;
				CLANG_WARN_CONSTANT_CONVERSION = YES;
				CLANG_WARN_DIRECT_OBJC_ISA_USAGE = YES_ERROR;
				CLANG_WARN_DOCUMENTATION_COMMENTS = YES;
				CLANG_WARN_EMPTY_BODY = YES;
				CLANG_WARN_ENUM_CONVERSION = YES;
				CLANG_WARN_INFINITE_RECURSION = YES;
				CLANG_WARN_INT_CONVERSION = YES;
				CLANG_WARN_OBJC_ROOT_CLASS = YES_ERROR;
				CLANG_WARN_SUSPICIOUS_MOVE = YES;
				CLANG_WARN_UNREACHABLE_CODE = YES;
				CLANG_WARN__DUPLICATE_METHOD_MATCH = YES;
				"CODE_SIGN_IDENTITY[sdk=iphoneos*]" = "iPhone Developer";
				COPY_PHASE_STRIP = NO;
				DEBUG_INFORMATION_FORMAT = dwarf;
				ENABLE_STRICT_OBJC_MSGSEND = YES;
				ENABLE_TESTABILITY = YES;
				GCC_C_LANGUAGE_STANDARD = gnu99;
				GCC_DYNAMIC_NO_PIC = NO;
				GCC_NO_COMMON_BLOCKS = YES;
				GCC_OPTIMIZATION_LEVEL = 0;
				GCC_PREPROCESSOR_DEFINITIONS = (
					"DEBUG=1",
					"$(inherited)",
				);
				GCC_WARN_64_TO_32_BIT_CONVERSION = YES;
				GCC_WARN_ABOUT_RETURN_TYPE = YES_ERROR;
				GCC_WARN_UNDECLARED_SELECTOR = YES;
				GCC_WARN_UNINITIALIZED_AUTOS = YES_AGGRESSIVE;
				GCC_WARN_UNUSED_FUNCTION = YES;
				GCC_WARN_UNUSED_VARIABLE = YES;
				IPHONEOS_DEPLOYMENT_TARGET = 10.2;
				MTL_ENABLE_DEBUG_INFO = YES;
				ONLY_ACTIVE_ARCH = YES;
				SDKROOT = iphoneos;
				SWIFT_ACTIVE_COMPILATION_CONDITIONS = DEBUG;
				SWIFT_OPTIMIZATION_LEVEL = "-Onone";
				TARGETED_DEVICE_FAMILY = "1,2";
			};
			name = Debug;
		};
		84B6A76B1E8A125400169B5D /* Release */ = {
			isa = XCBuildConfiguration;
			buildSettings = {
				ALWAYS_SEARCH_USER_PATHS = NO;
				CLANG_ANALYZER_NONNULL = YES;
				CLANG_CXX_LANGUAGE_STANDARD = "gnu++0x";
				CLANG_CXX_LIBRARY = "libc++";
				CLANG_ENABLE_MODULES = YES;
				CLANG_ENABLE_OBJC_ARC = YES;
				CLANG_WARN_BOOL_CONVERSION = YES;
				CLANG_WARN_CONSTANT_CONVERSION = YES;
				CLANG_WARN_DIRECT_OBJC_ISA_USAGE = YES_ERROR;
				CLANG_WARN_DOCUMENTATION_COMMENTS = YES;
				CLANG_WARN_EMPTY_BODY = YES;
				CLANG_WARN_ENUM_CONVERSION = YES;
				CLANG_WARN_INFINITE_RECURSION = YES;
				CLANG_WARN_INT_CONVERSION = YES;
				CLANG_WARN_OBJC_ROOT_CLASS = YES_ERROR;
				CLANG_WARN_SUSPICIOUS_MOVE = YES;
				CLANG_WARN_UNREACHABLE_CODE = YES;
				CLANG_WARN__DUPLICATE_METHOD_MATCH = YES;
				"CODE_SIGN_IDENTITY[sdk=iphoneos*]" = "iPhone Developer";
				COPY_PHASE_STRIP = NO;
				DEBUG_INFORMATION_FORMAT = "dwarf-with-dsym";
				ENABLE_NS_ASSERTIONS = NO;
				ENABLE_STRICT_OBJC_MSGSEND = YES;
				GCC_C_LANGUAGE_STANDARD = gnu99;
				GCC_NO_COMMON_BLOCKS = YES;
				GCC_WARN_64_TO_32_BIT_CONVERSION = YES;
				GCC_WARN_ABOUT_RETURN_TYPE = YES_ERROR;
				GCC_WARN_UNDECLARED_SELECTOR = YES;
				GCC_WARN_UNINITIALIZED_AUTOS = YES_AGGRESSIVE;
				GCC_WARN_UNUSED_FUNCTION = YES;
				GCC_WARN_UNUSED_VARIABLE = YES;
				IPHONEOS_DEPLOYMENT_TARGET = 10.2;
				MTL_ENABLE_DEBUG_INFO = NO;
				SDKROOT = iphoneos;
				SWIFT_OPTIMIZATION_LEVEL = "-Owholemodule";
				TARGETED_DEVICE_FAMILY = "1,2";
				VALIDATE_PRODUCT = YES;
			};
			name = Release;
		};
		84B6A76D1E8A125400169B5D /* Debug */ = {
			isa = XCBuildConfiguration;
			buildSettings = {
				ASSETCATALOG_COMPILER_APPICON_NAME = AppIcon;
				CLANG_ENABLE_MODULES = YES;
				INFOPLIST_FILE = "Recipe app/Info.plist";
				LD_RUNPATH_SEARCH_PATHS = "$(inherited) @executable_path/Frameworks";
				PRODUCT_BUNDLE_IDENTIFIER = "com.makitoda.Recipe-app";
				PRODUCT_NAME = "$(TARGET_NAME)";
				SWIFT_OBJC_BRIDGING_HEADER = "Recipe app/Recipe app-Bridging-Header.h";
				SWIFT_OPTIMIZATION_LEVEL = "-Onone";
				SWIFT_VERSION = 3.0;
			};
			name = Debug;
		};
		84B6A76E1E8A125400169B5D /* Release */ = {
			isa = XCBuildConfiguration;
			buildSettings = {
				ASSETCATALOG_COMPILER_APPICON_NAME = AppIcon;
				CLANG_ENABLE_MODULES = YES;
				INFOPLIST_FILE = "Recipe app/Info.plist";
				LD_RUNPATH_SEARCH_PATHS = "$(inherited) @executable_path/Frameworks";
				PRODUCT_BUNDLE_IDENTIFIER = "com.makitoda.Recipe-app";
				PRODUCT_NAME = "$(TARGET_NAME)";
				SWIFT_OBJC_BRIDGING_HEADER = "Recipe app/Recipe app-Bridging-Header.h";
				SWIFT_VERSION = 3.0;
			};
			name = Release;
		};
/* End XCBuildConfiguration section */

/* Begin XCConfigurationList section */
		84B6A7521E8A125400169B5D /* Build configuration list for PBXProject "Recipe app" */ = {
			isa = XCConfigurationList;
			buildConfigurations = (
				84B6A76A1E8A125400169B5D /* Debug */,
				84B6A76B1E8A125400169B5D /* Release */,
			);
			defaultConfigurationIsVisible = 0;
			defaultConfigurationName = Release;
		};
		84B6A76C1E8A125400169B5D /* Build configuration list for PBXNativeTarget "Recipe app" */ = {
			isa = XCConfigurationList;
			buildConfigurations = (
				84B6A76D1E8A125400169B5D /* Debug */,
				84B6A76E1E8A125400169B5D /* Release */,
			);
			defaultConfigurationIsVisible = 0;
			defaultConfigurationName = Release;
		};
/* End XCConfigurationList section */

/* Begin XCVersionGroup section */
		84B6A7611E8A125400169B5D /* Recipe_app.xcdatamodeld */ = {
			isa = XCVersionGroup;
			children = (
				84B6A7621E8A125400169B5D /* Recipe_app.xcdatamodel */,
			);
			currentVersion = 84B6A7621E8A125400169B5D /* Recipe_app.xcdatamodel */;
			path = Recipe_app.xcdatamodeld;
			sourceTree = "<group>";
			versionGroupType = wrapper.xcdatamodel;
		};
/* End XCVersionGroup section */
	};
	rootObject = 84B6A74F1E8A125400169B5D /* Project object */;
}
